
Microsoft Visual Studio Solution File, Format Version 12.00
# Visual Studio 15
VisualStudioVersion = 15.0.28307.168
MinimumVisualStudioVersion = 10.0.40219.1
Project("{FAE04EC0-301F-11D3-BF4B-00C04F79EFBC}") = "Lab02UnitTesting", "Lab02UnitTesting\Lab02UnitTesting.csproj", "{2DB9D495-A430-4576-B4D4-CB4BBEEFCE7C}"
EndProject
Project("{FAE04EC0-301F-11D3-BF4B-00C04F79EFBC}") = "ATMtest", "ATMtest\ATMtest.csproj", "{6E9559B2-0450-4787-B1AE-1CED3D334052}"
EndProject
Global
	GlobalSection(SolutionConfigurationPlatforms) = preSolution
		Debug|Any CPU = Debug|Any CPU
		Release|Any CPU = Release|Any CPU
	EndGlobalSection
	GlobalSection(ProjectConfigurationPlatforms) = postSolution
		{2DB9D495-A430-4576-B4D4-CB4BBEEFCE7C}.Debug|Any CPU.ActiveCfg = Debug|Any CPU
		{2DB9D495-A430-4576-B4D4-CB4BBEEFCE7C}.Debug|Any CPU.Build.0 = Debug|Any CPU
		{2DB9D495-A430-4576-B4D4-CB4BBEEFCE7C}.Release|Any CPU.ActiveCfg = Release|Any CPU
		{2DB9D495-A430-4576-B4D4-CB4BBEEFCE7C}.Release|Any CPU.Build.0 = Release|Any CPU
		{6E9559B2-0450-4787-B1AE-1CED3D334052}.Debug|Any CPU.ActiveCfg = Debug|Any CPU
		{6E9559B2-0450-4787-B1AE-1CED3D334052}.Debug|Any CPU.Build.0 = Debug|Any CPU
		{6E9559B2-0450-4787-B1AE-1CED3D334052}.Release|Any CPU.ActiveCfg = Release|Any CPU
		{6E9559B2-0450-4787-B1AE-1CED3D334052}.Release|Any CPU.Build.0 = Release|Any CPU
	EndGlobalSection
	GlobalSection(SolutionProperties) = preSolution
		HideSolutionNode = FALSE
	EndGlobalSection
	GlobalSection(ExtensibilityGlobals) = postSolution
		SolutionGuid = {0FFAD8E2-4666-4530-923E-DA44AB4E8012}
	EndGlobalSection
EndGlobal
